
Microsoft Visual Studio Solution File, Format Version 12.00
# Visual Studio Version 17
VisualStudioVersion = 17.11.35327.3
MinimumVisualStudioVersion = 10.0.40219.1
Project("{F184B08F-C81C-45F6-A57F-5ABD9991F28F}") = "WinFormsApp1", "WinFormsApp1\WinFormsApp1.vbproj", "{FF420B40-F052-490B-98B0-7ADF0CC08842}"
EndProject
Global
	GlobalSection(SolutionConfigurationPlatforms) = preSolution
		Debug|Any CPU = Debug|Any CPU
		Release|Any CPU = Release|Any CPU
	EndGlobalSection
	GlobalSection(ProjectConfigurationPlatforms) = postSolution
		{FF420B40-F052-490B-98B0-7ADF0CC08842}.Debug|Any CPU.ActiveCfg = Debug|Any CPU
		{FF420B40-F052-490B-98B0-7ADF0CC08842}.Debug|Any CPU.Build.0 = Debug|Any CPU
		{FF420B40-F052-490B-98B0-7ADF0CC08842}.Release|Any CPU.ActiveCfg = Release|Any CPU
		{FF420B40-F052-490B-98B0-7ADF0CC08842}.Release|Any CPU.Build.0 = Release|Any CPU
	EndGlobalSection
	GlobalSection(SolutionProperties) = preSolution
		HideSolutionNode = FALSE
	EndGlobalSection
	GlobalSection(ExtensibilityGlobals) = postSolution
		SolutionGuid = {432AE313-1E29-44F1-9205-460B59351A93}
	EndGlobalSection
EndGlobal
